
Microsoft Visual Studio Solution File, Format Version 12.00
# Visual Studio 15
VisualStudioVersion = 15.0.28307.572
MinimumVisualStudioVersion = 10.0.40219.1
Project("{FAE04EC0-301F-11D3-BF4B-00C04F79EFBC}") = "Deposit_2", "Deposit_2\Deposit_2.csproj", "{8F90BE00-EC2A-460E-A07C-00E1AD9D8E08}"
EndProject
Global
	GlobalSection(SolutionConfigurationPlatforms) = preSolution
		Debug|Any CPU = Debug|Any CPU
		Release|Any CPU = Release|Any CPU
	EndGlobalSection
	GlobalSection(ProjectConfigurationPlatforms) = postSolution
		{8F90BE00-EC2A-460E-A07C-00E1AD9D8E08}.Debug|Any CPU.ActiveCfg = Debug|Any CPU
		{8F90BE00-EC2A-460E-A07C-00E1AD9D8E08}.Debug|Any CPU.Build.0 = Debug|Any CPU
		{8F90BE00-EC2A-460E-A07C-00E1AD9D8E08}.Release|Any CPU.ActiveCfg = Release|Any CPU
		{8F90BE00-EC2A-460E-A07C-00E1AD9D8E08}.Release|Any CPU.Build.0 = Release|Any CPU
	EndGlobalSection
	GlobalSection(SolutionProperties) = preSolution
		HideSolutionNode = FALSE
	EndGlobalSection
	GlobalSection(ExtensibilityGlobals) = postSolution
		SolutionGuid = {3C1B4377-17F0-4BFB-BCCD-1DB4DF5001D6}
	EndGlobalSection
EndGlobal
